
Microsoft Visual Studio Solution File, Format Version 12.00
# Visual Studio Version 16
VisualStudioVersion = 16.0.28803.202
MinimumVisualStudioVersion = 10.0.40219.1
Project("{FAE04EC0-301F-11D3-BF4B-00C04F79EFBC}") = "Project Management", "Project Management\Project Management.csproj", "{5114818E-1F7E-4AA4-9924-FEE58013EC85}"
EndProject
Global
	GlobalSection(SolutionConfigurationPlatforms) = preSolution
		Debug|Any CPU = Debug|Any CPU
		Release|Any CPU = Release|Any CPU
	EndGlobalSection
	GlobalSection(ProjectConfigurationPlatforms) = postSolution
		{5114818E-1F7E-4AA4-9924-FEE58013EC85}.Debug|Any CPU.ActiveCfg = Debug|Any CPU
		{5114818E-1F7E-4AA4-9924-FEE58013EC85}.Debug|Any CPU.Build.0 = Debug|Any CPU
		{5114818E-1F7E-4AA4-9924-FEE58013EC85}.Release|Any CPU.ActiveCfg = Release|Any CPU
		{5114818E-1F7E-4AA4-9924-FEE58013EC85}.Release|Any CPU.Build.0 = Release|Any CPU
	EndGlobalSection
	GlobalSection(SolutionProperties) = preSolution
		HideSolutionNode = FALSE
	EndGlobalSection
	GlobalSection(ExtensibilityGlobals) = postSolution
		SolutionGuid = {B63A25FA-A514-47FB-B7E9-01672921B201}
	EndGlobalSection
EndGlobal
